// !$*UTF8*$!
{
	archiveVersion = 1;
	classes = {
	};
	objectVersion = 50;
	objects = {

/* Begin PBXBuildFile section */
		4C0383DA250B9E9D0010ECFC /* Stars.sks in Resources */ = {isa = PBXBuildFile; fileRef = 4C0383D9250B9E9D0010ECFC /* Stars.sks */; };
		4C0383DD250BA0DF0010ECFC /* robot.wav in Resources */ = {isa = PBXBuildFile; fileRef = 4C0383DC250BA0DF0010ECFC /* robot.wav */; };
		4C1AF1CD25026CEB00FCB4AB /* Player.swift in Sources */ = {isa = PBXBuildFile; fileRef = 4C1AF1CC25026CEB00FCB4AB /* Player.swift */; };
		4C1AF1CF25026D5700FCB4AB /* SpriteKitHelper.swift in Sources */ = {isa = PBXBuildFile; fileRef = 4C1AF1CE25026D5700FCB4AB /* SpriteKitHelper.swift */; };
		4C3A604C2503C13500E66BCD /* Collectible.swift in Sources */ = {isa = PBXBuildFile; fileRef = 4C3A604B2503C13500E66BCD /* Collectible.swift */; };
		4C6A2D0125011F6D002BEC28 /* AppDelegate.swift in Sources */ = {isa = PBXBuildFile; fileRef = 4C6A2D0025011F6D002BEC28 /* AppDelegate.swift */; };
		4C6A2D0725011F6D002BEC28 /* GameScene.swift in Sources */ = {isa = PBXBuildFile; fileRef = 4C6A2D0625011F6D002BEC28 /* GameScene.swift */; };
		4C6A2D0925011F6D002BEC28 /* GameViewController.swift in Sources */ = {isa = PBXBuildFile; fileRef = 4C6A2D0825011F6D002BEC28 /* GameViewController.swift */; };
		4C6A2D0C25011F6D002BEC28 /* Main.storyboard in Resources */ = {isa = PBXBuildFile; fileRef = 4C6A2D0A25011F6D002BEC28 /* Main.storyboard */; };
		4C6A2D0E25011F72002BEC28 /* Assets.xcassets in Resources */ = {isa = PBXBuildFile; fileRef = 4C6A2D0D25011F72002BEC28 /* Assets.xcassets */; };
		4C6A2D1125011F72002BEC28 /* LaunchScreen.storyboard in Resources */ = {isa = PBXBuildFile; fileRef = 4C6A2D0F25011F72002BEC28 /* LaunchScreen.storyboard */; };
		4C74FE9425069C3100A9746A /* Nosifer-Regular.ttf in Resources */ = {isa = PBXBuildFile; fileRef = 4C74FE93250675BC00A9746A /* Nosifer-Regular.ttf */; };
		4C838E5225092F210050C92B /* bubbles.mp3 in Resources */ = {isa = PBXBuildFile; fileRef = 4C838E4C25092F210050C92B /* bubbles.mp3 */; };
		4C838E5325092F210050C92B /* collect.wav in Resources */ = {isa = PBXBuildFile; fileRef = 4C838E4D25092F210050C92B /* collect.wav */; };
		4C838E5425092F210050C92B /* miss.wav in Resources */ = {isa = PBXBuildFile; fileRef = 4C838E4E25092F210050C92B /* miss.wav */; };
		4C838E5525092F210050C92B /* blob_mumble-2.wav in Resources */ = {isa = PBXBuildFile; fileRef = 4C838E4F25092F210050C92B /* blob_mumble-2.wav */; };
		4C838E5625092F210050C92B /* blob_mumble-3.wav in Resources */ = {isa = PBXBuildFile; fileRef = 4C838E5025092F210050C92B /* blob_mumble-3.wav */; };
		4C838E5725092F210050C92B /* blob_mumble-1.wav in Resources */ = {isa = PBXBuildFile; fileRef = 4C838E5125092F210050C92B /* blob_mumble-1.wav */; };
		4C838E5A2509312F0050C92B /* music.mp3 in Resources */ = {isa = PBXBuildFile; fileRef = 4C838E592509312F0050C92B /* music.mp3 */; };
		4C838E5C2509409F0050C92B /* GloopFlow.sks in Resources */ = {isa = PBXBuildFile; fileRef = 4C838E5B2509409F0050C92B /* GloopFlow.sks */; };
		4CA301B12504E31B00C070CE /* GameScene+PhysicsContact.swift in Sources */ = {isa = PBXBuildFile; fileRef = 4CA301B02504E31B00C070CE /* GameScene+PhysicsContact.swift */; };
/* End PBXBuildFile section */

/* Begin PBXFileReference section */
		4C0383D9250B9E9D0010ECFC /* Stars.sks */ = {isa = PBXFileReference; lastKnownFileType = file.sks; path = Stars.sks; sourceTree = "<group>"; };
		4C0383DC250BA0DF0010ECFC /* robot.wav */ = {isa = PBXFileReference; lastKnownFileType = audio.wav; path = robot.wav; sourceTree = "<group>"; };
		4C1AF1CC25026CEB00FCB4AB /* Player.swift */ = {isa = PBXFileReference; lastKnownFileType = sourcecode.swift; path = Player.swift; sourceTree = "<group>"; };
		4C1AF1CE25026D5700FCB4AB /* SpriteKitHelper.swift */ = {isa = PBXFileReference; lastKnownFileType = sourcecode.swift; path = SpriteKitHelper.swift; sourceTree = "<group>"; };
		4C3A604B2503C13500E66BCD /* Collectible.swift */ = {isa = PBXFileReference; lastKnownFileType = sourcecode.swift; path = Collectible.swift; sourceTree = "<group>"; };
		4C6A2CFD25011F6D002BEC28 /* gloopdrop.app */ = {isa = PBXFileReference; explicitFileType = wrapper.application; includeInIndex = 0; path = gloopdrop.app; sourceTree = BUILT_PRODUCTS_DIR; };
		4C6A2D0025011F6D002BEC28 /* AppDelegate.swift */ = {isa = PBXFileReference; lastKnownFileType = sourcecode.swift; path = AppDelegate.swift; sourceTree = "<group>"; };
		4C6A2D0625011F6D002BEC28 /* GameScene.swift */ = {isa = PBXFileReference; lastKnownFileType = sourcecode.swift; path = GameScene.swift; sourceTree = "<group>"; };
		4C6A2D0825011F6D002BEC28 /* GameViewController.swift */ = {isa = PBXFileReference; lastKnownFileType = sourcecode.swift; path = GameViewController.swift; sourceTree = "<group>"; };
		4C6A2D0B25011F6D002BEC28 /* Base */ = {isa = PBXFileReference; lastKnownFileType = file.storyboard; name = Base; path = Base.lproj/Main.storyboard; sourceTree = "<group>"; };
		4C6A2D0D25011F72002BEC28 /* Assets.xcassets */ = {isa = PBXFileReference; lastKnownFileType = folder.assetcatalog; path = Assets.xcassets; sourceTree = "<group>"; };
		4C6A2D1025011F72002BEC28 /* Base */ = {isa = PBXFileReference; lastKnownFileType = file.storyboard; name = Base; path = Base.lproj/LaunchScreen.storyboard; sourceTree = "<group>"; };
		4C6A2D1225011F72002BEC28 /* Info.plist */ = {isa = PBXFileReference; lastKnownFileType = text.plist.xml; path = Info.plist; sourceTree = "<group>"; };
		4C74FE93250675BC00A9746A /* Nosifer-Regular.ttf */ = {isa = PBXFileReference; lastKnownFileType = file; path = "Nosifer-Regular.ttf"; sourceTree = "<group>"; };
		4C838E4C25092F210050C92B /* bubbles.mp3 */ = {isa = PBXFileReference; lastKnownFileType = audio.mp3; path = bubbles.mp3; sourceTree = "<group>"; };
		4C838E4D25092F210050C92B /* collect.wav */ = {isa = PBXFileReference; lastKnownFileType = audio.wav; path = collect.wav; sourceTree = "<group>"; };
		4C838E4E25092F210050C92B /* miss.wav */ = {isa = PBXFileReference; lastKnownFileType = audio.wav; path = miss.wav; sourceTree = "<group>"; };
		4C838E4F25092F210050C92B /* blob_mumble-2.wav */ = {isa = PBXFileReference; lastKnownFileType = audio.wav; path = "blob_mumble-2.wav"; sourceTree = "<group>"; };
		4C838E5025092F210050C92B /* blob_mumble-3.wav */ = {isa = PBXFileReference; lastKnownFileType = audio.wav; path = "blob_mumble-3.wav"; sourceTree = "<group>"; };
		4C838E5125092F210050C92B /* blob_mumble-1.wav */ = {isa = PBXFileReference; lastKnownFileType = audio.wav; path = "blob_mumble-1.wav"; sourceTree = "<group>"; };
		4C838E592509312F0050C92B /* music.mp3 */ = {isa = PBXFileReference; lastKnownFileType = audio.mp3; path = music.mp3; sourceTree = "<group>"; };
		4C838E5B2509409F0050C92B /* GloopFlow.sks */ = {isa = PBXFileReference; lastKnownFileType = file.sks; path = GloopFlow.sks; sourceTree = "<group>"; };
		4CA301B02504E31B00C070CE /* GameScene+PhysicsContact.swift */ = {isa = PBXFileReference; lastKnownFileType = sourcecode.swift; path = "GameScene+PhysicsContact.swift"; sourceTree = "<group>"; };
/* End PBXFileReference section */

/* Begin PBXFrameworksBuildPhase section */
		4C6A2CFA25011F6D002BEC28 /* Frameworks */ = {
			isa = PBXFrameworksBuildPhase;
			buildActionMask = 2147483647;
			files = (
			);
			runOnlyForDeploymentPostprocessing = 0;
		};
/* End PBXFrameworksBuildPhase section */

/* Begin PBXGroup section */
		4C0383DB250B9EA30010ECFC /* Particle Effects */ = {
			isa = PBXGroup;
			children = (
				4C838E5B2509409F0050C92B /* GloopFlow.sks */,
				4C0383D9250B9E9D0010ECFC /* Stars.sks */,
			);
			path = "Particle Effects";
			sourceTree = "<group>";
		};
		4C6A2CF425011F6D002BEC28 = {
			isa = PBXGroup;
			children = (
				4C6A2CFF25011F6D002BEC28 /* gloopdrop */,
				4C6A2CFE25011F6D002BEC28 /* Products */,
			);
			sourceTree = "<group>";
		};
		4C6A2CFE25011F6D002BEC28 /* Products */ = {
			isa = PBXGroup;
			children = (
				4C6A2CFD25011F6D002BEC28 /* gloopdrop.app */,
			);
			name = Products;
			sourceTree = "<group>";
		};
		4C6A2CFF25011F6D002BEC28 /* gloopdrop */ = {
			isa = PBXGroup;
			children = (
				4C6A2D0025011F6D002BEC28 /* AppDelegate.swift */,
				4C6A2D0625011F6D002BEC28 /* GameScene.swift */,
				4CA301B02504E31B00C070CE /* GameScene+PhysicsContact.swift */,
				4C6A2D0825011F6D002BEC28 /* GameViewController.swift */,
				4C1AF1CC25026CEB00FCB4AB /* Player.swift */,
				4C3A604B2503C13500E66BCD /* Collectible.swift */,
				4C1AF1CE25026D5700FCB4AB /* SpriteKitHelper.swift */,
				4C6A2D0A25011F6D002BEC28 /* Main.storyboard */,
				4C0383DB250B9EA30010ECFC /* Particle Effects */,
				4C838E582509312F0050C92B /* Music */,
				4C838E4B25092F210050C92B /* Sounds */,
				4C74FE922506756F00A9746A /* Fonts */,
				4C6A2D0D25011F72002BEC28 /* Assets.xcassets */,
				4C6A2D0F25011F72002BEC28 /* LaunchScreen.storyboard */,
				4C6A2D1225011F72002BEC28 /* Info.plist */,
			);
			path = gloopdrop;
			sourceTree = "<group>";
		};
		4C74FE922506756F00A9746A /* Fonts */ = {
			isa = PBXGroup;
			children = (
				4C74FE93250675BC00A9746A /* Nosifer-Regular.ttf */,
			);
			path = Fonts;
			sourceTree = "<group>";
		};
		4C838E4B25092F210050C92B /* Sounds */ = {
			isa = PBXGroup;
			children = (
				4C0383DC250BA0DF0010ECFC /* robot.wav */,
				4C838E4C25092F210050C92B /* bubbles.mp3 */,
				4C838E4D25092F210050C92B /* collect.wav */,
				4C838E4E25092F210050C92B /* miss.wav */,
				4C838E4F25092F210050C92B /* blob_mumble-2.wav */,
				4C838E5025092F210050C92B /* blob_mumble-3.wav */,
				4C838E5125092F210050C92B /* blob_mumble-1.wav */,
			);
			path = Sounds;
			sourceTree = "<group>";
		};
		4C838E582509312F0050C92B /* Music */ = {
			isa = PBXGroup;
			children = (
				4C838E592509312F0050C92B /* music.mp3 */,
			);
			path = Music;
			sourceTree = "<group>";
		};
/* End PBXGroup section */

/* Begin PBXNativeTarget section */
		4C6A2CFC25011F6D002BEC28 /* gloopdrop */ = {
			isa = PBXNativeTarget;
			buildConfigurationList = 4C6A2D1525011F72002BEC28 /* Build configuration list for PBXNativeTarget "gloopdrop" */;
			buildPhases = (
				4C6A2CF925011F6D002BEC28 /* Sources */,
				4C6A2CFA25011F6D002BEC28 /* Frameworks */,
				4C6A2CFB25011F6D002BEC28 /* Resources */,
			);
			buildRules = (
			);
			dependencies = (
			);
			name = gloopdrop;
			productName = gloopdrop;
			productReference = 4C6A2CFD25011F6D002BEC28 /* gloopdrop.app */;
			productType = "com.apple.product-type.application";
		};
/* End PBXNativeTarget section */

/* Begin PBXProject section */
		4C6A2CF525011F6D002BEC28 /* Project object */ = {
			isa = PBXProject;
			attributes = {
				LastSwiftUpdateCheck = 1170;
				LastUpgradeCheck = 1170;
				ORGANIZATIONNAME = "Michael Brünen";
				TargetAttributes = {
					4C6A2CFC25011F6D002BEC28 = {
						CreatedOnToolsVersion = 11.7;
					};
				};
			};
			buildConfigurationList = 4C6A2CF825011F6D002BEC28 /* Build configuration list for PBXProject "gloopdrop" */;
			compatibilityVersion = "Xcode 9.3";
			developmentRegion = en;
			hasScannedForEncodings = 0;
			knownRegions = (
				en,
				Base,
			);
			mainGroup = 4C6A2CF425011F6D002BEC28;
			productRefGroup = 4C6A2CFE25011F6D002BEC28 /* Products */;
			projectDirPath = "";
			projectRoot = "";
			targets = (
				4C6A2CFC25011F6D002BEC28 /* gloopdrop */,
			);
		};
/* End PBXProject section */

/* Begin PBXResourcesBuildPhase section */
		4C6A2CFB25011F6D002BEC28 /* Resources */ = {
			isa = PBXResourcesBuildPhase;
			buildActionMask = 2147483647;
			files = (
				4C0383DA250B9E9D0010ECFC /* Stars.sks in Resources */,
				4C74FE9425069C3100A9746A /* Nosifer-Regular.ttf in Resources */,
				4C838E5C2509409F0050C92B /* GloopFlow.sks in Resources */,
				4C0383DD250BA0DF0010ECFC /* robot.wav in Resources */,
				4C838E5425092F210050C92B /* miss.wav in Resources */,
				4C838E5325092F210050C92B /* collect.wav in Resources */,
				4C6A2D0C25011F6D002BEC28 /* Main.storyboard in Resources */,
				4C838E5625092F210050C92B /* blob_mumble-3.wav in Resources */,
				4C838E5525092F210050C92B /* blob_mumble-2.wav in Resources */,
				4C6A2D0E25011F72002BEC28 /* Assets.xcassets in Resources */,
				4C838E5725092F210050C92B /* blob_mumble-1.wav in Resources */,
				4C838E5225092F210050C92B /* bubbles.mp3 in Resources */,
				4C6A2D1125011F72002BEC28 /* LaunchScreen.storyboard in Resources */,
				4C838E5A2509312F0050C92B /* music.mp3 in Resources */,
			);
			runOnlyForDeploymentPostprocessing = 0;
		};
/* End PBXResourcesBuildPhase section */

/* Begin PBXSourcesBuildPhase section */
		4C6A2CF925011F6D002BEC28 /* Sources */ = {
			isa = PBXSourcesBuildPhase;
			buildActionMask = 2147483647;
			files = (
				4CA301B12504E31B00C070CE /* GameScene+PhysicsContact.swift in Sources */,
				4C1AF1CD25026CEB00FCB4AB /* Player.swift in Sources */,
				4C6A2D0725011F6D002BEC28 /* GameScene.swift in Sources */,
				4C3A604C2503C13500E66BCD /* Collectible.swift in Sources */,
				4C6A2D0925011F6D002BEC28 /* GameViewController.swift in Sources */,
				4C1AF1CF25026D5700FCB4AB /* SpriteKitHelper.swift in Sources */,
				4C6A2D0125011F6D002BEC28 /* AppDelegate.swift in Sources */,
			);
			runOnlyForDeploymentPostprocessing = 0;
		};
/* End PBXSourcesBuildPhase section */

/* Begin PBXVariantGroup section */
		4C6A2D0A25011F6D002BEC28 /* Main.storyboard */ = {
			isa = PBXVariantGroup;
			children = (
				4C6A2D0B25011F6D002BEC28 /* Base */,
			);
			name = Main.storyboard;
			sourceTree = "<group>";
		};
		4C6A2D0F25011F72002BEC28 /* LaunchScreen.storyboard */ = {
			isa = PBXVariantGroup;
			children = (
				4C6A2D1025011F72002BEC28 /* Base */,
			);
			name = LaunchScreen.storyboard;
			sourceTree = "<group>";
		};
/* End PBXVariantGroup section */

/* Begin XCBuildConfiguration section */
		4C6A2D1325011F72002BEC28 /* Debug */ = {
			isa = XCBuildConfiguration;
			buildSettings = {
				ALWAYS_SEARCH_USER_PATHS = NO;
				CLANG_ANALYZER_NONNULL = YES;
				CLANG_ANALYZER_NUMBER_OBJECT_CONVERSION = YES_AGGRESSIVE;
				CLANG_CXX_LANGUAGE_STANDARD = "gnu++14";
				CLANG_CXX_LIBRARY = "libc++";
				CLANG_ENABLE_MODULES = YES;
				CLANG_ENABLE_OBJC_ARC = YES;
				CLANG_ENABLE_OBJC_WEAK = YES;
				CLANG_WARN_BLOCK_CAPTURE_AUTORELEASING = YES;
				CLANG_WARN_BOOL_CONVERSION = YES;
				CLANG_WARN_COMMA = YES;
				CLANG_WARN_CONSTANT_CONVERSION = YES;
				CLANG_WARN_DEPRECATED_OBJC_IMPLEMENTATIONS = YES;
				CLANG_WARN_DIRECT_OBJC_ISA_USAGE = YES_ERROR;
				CLANG_WARN_DOCUMENTATION_COMMENTS = YES;
				CLANG_WARN_EMPTY_BODY = YES;
				CLANG_WARN_ENUM_CONVERSION = YES;
				CLANG_WARN_INFINITE_RECURSION = YES;
				CLANG_WARN_INT_CONVERSION = YES;
				CLANG_WARN_NON_LITERAL_NULL_CONVERSION = YES;
				CLANG_WARN_OBJC_IMPLICIT_RETAIN_SELF = YES;
				CLANG_WARN_OBJC_LITERAL_CONVERSION = YES;
				CLANG_WARN_OBJC_ROOT_CLASS = YES_ERROR;
				CLANG_WARN_RANGE_LOOP_ANALYSIS = YES;
				CLANG_WARN_STRICT_PROTOTYPES = YES;
				CLANG_WARN_SUSPICIOUS_MOVE = YES;
				CLANG_WARN_UNGUARDED_AVAILABILITY = YES_AGGRESSIVE;
				CLANG_WARN_UNREACHABLE_CODE = YES;
				CLANG_WARN__DUPLICATE_METHOD_MATCH = YES;
				COPY_PHASE_STRIP = NO;
				DEBUG_INFORMATION_FORMAT = dwarf;
				ENABLE_STRICT_OBJC_MSGSEND = YES;
				ENABLE_TESTABILITY = YES;
				GCC_C_LANGUAGE_STANDARD = gnu11;
				GCC_DYNAMIC_NO_PIC = NO;
				GCC_NO_COMMON_BLOCKS = YES;
				GCC_OPTIMIZATION_LEVEL = 0;
				GCC_PREPROCESSOR_DEFINITIONS = (
					"DEBUG=1",
					"$(inherited)",
				);
				GCC_WARN_64_TO_32_BIT_CONVERSION = YES;
				GCC_WARN_ABOUT_RETURN_TYPE = YES_ERROR;
				GCC_WARN_UNDECLARED_SELECTOR = YES;
				GCC_WARN_UNINITIALIZED_AUTOS = YES_AGGRESSIVE;
				GCC_WARN_UNUSED_FUNCTION = YES;
				GCC_WARN_UNUSED_VARIABLE = YES;
				IPHONEOS_DEPLOYMENT_TARGET = 13.0;
				MTL_ENABLE_DEBUG_INFO = INCLUDE_SOURCE;
				MTL_FAST_MATH = YES;
				ONLY_ACTIVE_ARCH = YES;
				SDKROOT = iphoneos;
				SWIFT_ACTIVE_COMPILATION_CONDITIONS = DEBUG;
				SWIFT_OPTIMIZATION_LEVEL = "-Onone";
			};
			name = Debug;
		};
		4C6A2D1425011F72002BEC28 /* Release */ = {
			isa = XCBuildConfiguration;
			buildSettings = {
				ALWAYS_SEARCH_USER_PATHS = NO;
				CLANG_ANALYZER_NONNULL = YES;
				CLANG_ANALYZER_NUMBER_OBJECT_CONVERSION = YES_AGGRESSIVE;
				CLANG_CXX_LANGUAGE_STANDARD = "gnu++14";
				CLANG_CXX_LIBRARY = "libc++";
				CLANG_ENABLE_MODULES = YES;
				CLANG_ENABLE_OBJC_ARC = YES;
				CLANG_ENABLE_OBJC_WEAK = YES;
				CLANG_WARN_BLOCK_CAPTURE_AUTORELEASING = YES;
				CLANG_WARN_BOOL_CONVERSION = YES;
				CLANG_WARN_COMMA = YES;
				CLANG_WARN_CONSTANT_CONVERSION = YES;
				CLANG_WARN_DEPRECATED_OBJC_IMPLEMENTATIONS = YES;
				CLANG_WARN_DIRECT_OBJC_ISA_USAGE = YES_ERROR;
				CLANG_WARN_DOCUMENTATION_COMMENTS = YES;
				CLANG_WARN_EMPTY_BODY = YES;
				CLANG_WARN_ENUM_CONVERSION = YES;
				CLANG_WARN_INFINITE_RECURSION = YES;
				CLANG_WARN_INT_CONVERSION = YES;
				CLANG_WARN_NON_LITERAL_NULL_CONVERSION = YES;
				CLANG_WARN_OBJC_IMPLICIT_RETAIN_SELF = YES;
				CLANG_WARN_OBJC_LITERAL_CONVERSION = YES;
				CLANG_WARN_OBJC_ROOT_CLASS = YES_ERROR;
				CLANG_WARN_RANGE_LOOP_ANALYSIS = YES;
				CLANG_WARN_STRICT_PROTOTYPES = YES;
				CLANG_WARN_SUSPICIOUS_MOVE = YES;
				CLANG_WARN_UNGUARDED_AVAILABILITY = YES_AGGRESSIVE;
				CLANG_WARN_UNREACHABLE_CODE = YES;
				CLANG_WARN__DUPLICATE_METHOD_MATCH = YES;
				COPY_PHASE_STRIP = NO;
				DEBUG_INFORMATION_FORMAT = "dwarf-with-dsym";
				ENABLE_NS_ASSERTIONS = NO;
				ENABLE_STRICT_OBJC_MSGSEND = YES;
				GCC_C_LANGUAGE_STANDARD = gnu11;
				GCC_NO_COMMON_BLOCKS = YES;
				GCC_WARN_64_TO_32_BIT_CONVERSION = YES;
				GCC_WARN_ABOUT_RETURN_TYPE = YES_ERROR;
				GCC_WARN_UNDECLARED_SELECTOR = YES;
				GCC_WARN_UNINITIALIZED_AUTOS = YES_AGGRESSIVE;
				GCC_WARN_UNUSED_FUNCTION = YES;
				GCC_WARN_UNUSED_VARIABLE = YES;
				IPHONEOS_DEPLOYMENT_TARGET = 13.0;
				MTL_ENABLE_DEBUG_INFO = NO;
				MTL_FAST_MATH = YES;
				SDKROOT = iphoneos;
				SWIFT_COMPILATION_MODE = wholemodule;
				SWIFT_OPTIMIZATION_LEVEL = "-O";
				VALIDATE_PRODUCT = YES;
			};
			name = Release;
		};
		4C6A2D1625011F72002BEC28 /* Debug */ = {
			isa = XCBuildConfiguration;
			buildSettings = {
				ASSETCATALOG_COMPILER_APPICON_NAME = AppIcon;
				CODE_SIGN_STYLE = Automatic;
				DEVELOPMENT_ASSET_PATHS = "";
				DEVELOPMENT_TEAM = K5ZJLTFVCL;
				INFOPLIST_FILE = gloopdrop/Info.plist;
				IPHONEOS_DEPLOYMENT_TARGET = 13.0;
				LD_RUNPATH_SEARCH_PATHS = (
					"$(inherited)",
					"@executable_path/Frameworks",
				);
				PRODUCT_BUNDLE_IDENTIFIER = io.github.oddmagnet.gloopdrop;
				PRODUCT_NAME = "$(TARGET_NAME)";
				SWIFT_VERSION = 5.0;
				TARGETED_DEVICE_FAMILY = "1,2";
			};
			name = Debug;
		};
		4C6A2D1725011F72002BEC28 /* Release */ = {
			isa = XCBuildConfiguration;
			buildSettings = {
				ASSETCATALOG_COMPILER_APPICON_NAME = AppIcon;
				CODE_SIGN_STYLE = Automatic;
				DEVELOPMENT_ASSET_PATHS = "";
				DEVELOPMENT_TEAM = K5ZJLTFVCL;
				INFOPLIST_FILE = gloopdrop/Info.plist;
				IPHONEOS_DEPLOYMENT_TARGET = 13.0;
				LD_RUNPATH_SEARCH_PATHS = (
					"$(inherited)",
					"@executable_path/Frameworks",
				);
				PRODUCT_BUNDLE_IDENTIFIER = io.github.oddmagnet.gloopdrop;
				PRODUCT_NAME = "$(TARGET_NAME)";
				SWIFT_VERSION = 5.0;
				TARGETED_DEVICE_FAMILY = "1,2";
			};
			name = Release;
		};
/* End XCBuildConfiguration section */

/* Begin XCConfigurationList section */
		4C6A2CF825011F6D002BEC28 /* Build configuration list for PBXProject "gloopdrop" */ = {
			isa = XCConfigurationList;
			buildConfigurations = (
				4C6A2D1325011F72002BEC28 /* Debug */,
				4C6A2D1425011F72002BEC28 /* Release */,
			);
			defaultConfigurationIsVisible = 0;
			defaultConfigurationName = Release;
		};
		4C6A2D1525011F72002BEC28 /* Build configuration list for PBXNativeTarget "gloopdrop" */ = {
			isa = XCConfigurationList;
			buildConfigurations = (
				4C6A2D1625011F72002BEC28 /* Debug */,
				4C6A2D1725011F72002BEC28 /* Release */,
			);
			defaultConfigurationIsVisible = 0;
			defaultConfigurationName = Release;
		};
/* End XCConfigurationList section */
	};
	rootObject = 4C6A2CF525011F6D002BEC28 /* Project object */;
}
